
Microsoft Visual Studio Solution File, Format Version 12.00
# Visual Studio 14
VisualStudioVersion = 14.0.23107.0
MinimumVisualStudioVersion = 10.0.40219.1
Project("{FAE04EC0-301F-11D3-BF4B-00C04F79EFBC}") = "HoverTreeWinForm", "HoverTreeWinForm\HoverTreeWinForm.csproj", "{6AB4805A-7411-4E62-9F4A-9B23C57A568E}"
EndProject
Global
	GlobalSection(SolutionConfigurationPlatforms) = preSolution
		Debug|Any CPU = Debug|Any CPU
		Release|Any CPU = Release|Any CPU
	EndGlobalSection
	GlobalSection(ProjectConfigurationPlatforms) = postSolution
		{6AB4805A-7411-4E62-9F4A-9B23C57A568E}.Debug|Any CPU.ActiveCfg = Debug|Any CPU
		{6AB4805A-7411-4E62-9F4A-9B23C57A568E}.Debug|Any CPU.Build.0 = Debug|Any CPU
		{6AB4805A-7411-4E62-9F4A-9B23C57A568E}.Release|Any CPU.ActiveCfg = Release|Any CPU
		{6AB4805A-7411-4E62-9F4A-9B23C57A568E}.Release|Any CPU.Build.0 = Release|Any CPU
	EndGlobalSection
	GlobalSection(SolutionProperties) = preSolution
		HideSolutionNode = FALSE
	EndGlobalSection
EndGlobal
